{
  "name": "js",
  "version": "1.0.0",
  "lockfileVersion": 1,
  "requires": true,
  "dependencies": {
    "fasta-to-object-parser": {
      "version": "1.3.2",
      "resolved": "https://registry.npmjs.org/fasta-to-object-parser/-/fasta-to-object-parser-1.3.2.tgz",
      "integrity": "sha1-qU9VcEOw/vZdjePS3pRWo+PDPQE=",
      "requires": {
        "lodash": "^4.17.4"
      }
    },
    "lodash": {
      "version": "4.17.11",
      "resolved": "https://registry.npmjs.org/lodash/-/lodash-4.17.11.tgz",
      "integrity": "sha512-cQKh8igo5QUhZ7lg38DYWAxMvjSAKG0A8wGSVimP07SIUEK2UO+arSRKbRZWtelMtN5V0Hkwh5ryOto/SshYIg=="
    }
  }
}
